{
  "name": "superdough",
  "version": "1.0.1",
  "lockfileVersion": 3,
  "requires": true,
  "packages": {
    "": {
      "name": "superdough",
      "version": "1.0.1",
      "license": "AGPL-3.0-or-later",
      "dependencies": {
        "glicol": "^0.4.0",
        "nanostores": "^0.9.5"
      },
      "devDependencies": {
        "vite": "^5.0.10"
      }
    },
    "../../node_modules/.pnpm/nanostores@0.9.5/node_modules/nanostores": {
      "version": "0.9.5",
      "funding": [
        {
          "type": "github",
          "url": "https://github.com/sponsors/ai"
        }
      ],
      "license": "MIT",
      "engines": {
        "node": "^16.0.0 || ^18.0.0 || >=20.0.0"
      }
    },
    "../../node_modules/.pnpm/vite@5.0.10/node_modules/vite": {
      "version": "5.0.10",
      "dev": true,
      "license": "MIT",
      "dependencies": {
        "esbuild": "^0.19.3",
        "postcss": "^8.4.32",
        "rollup": "^4.2.0"
      },
      "bin": {
        "vite": "bin/vite.js"
      },
      "devDependencies": {
        "@ampproject/remapping": "^2.2.1",
        "@babel/parser": "^7.23.6",
        "@jridgewell/trace-mapping": "^0.3.20",
        "@rollup/plugin-alias": "^5.1.0",
        "@rollup/plugin-commonjs": "^25.0.7",
        "@rollup/plugin-dynamic-import-vars": "^2.1.2",
        "@rollup/plugin-json": "^6.0.1",
        "@rollup/plugin-node-resolve": "15.2.3",
        "@rollup/plugin-typescript": "^11.1.5",
        "@rollup/pluginutils": "^5.1.0",
        "@types/escape-html": "^1.0.4",
        "@types/pnpapi": "^0.0.5",
        "acorn": "^8.11.2",
        "acorn-walk": "^8.3.1",
        "cac": "^6.7.14",
        "chokidar": "^3.5.3",
        "connect": "^3.7.0",
        "convert-source-map": "^2.0.0",
        "cors": "^2.8.5",
        "cross-spawn": "^7.0.3",
        "debug": "^4.3.4",
        "dep-types": "link:./src/types",
        "dotenv": "^16.3.1",
        "dotenv-expand": "^10.0.0",
        "es-module-lexer": "^1.4.1",
        "escape-html": "^1.0.3",
        "estree-walker": "^3.0.3",
        "etag": "^1.8.1",
        "fast-glob": "^3.3.2",
        "http-proxy": "^1.18.1",
        "json-stable-stringify": "^1.1.0",
        "launch-editor-middleware": "^2.6.1",
        "lightningcss": "^1.22.1",
        "magic-string": "^0.30.5",
        "micromatch": "^4.0.5",
        "mlly": "^1.4.2",
        "mrmime": "^1.0.1",
        "okie": "^1.0.1",
        "open": "^8.4.2",
        "parse5": "^7.1.2",
        "periscopic": "^4.0.2",
        "picocolors": "^1.0.0",
        "picomatch": "^2.3.1",
        "postcss-import": "^15.1.0",
        "postcss-load-config": "^4.0.2",
        "postcss-modules": "^6.0.0",
        "resolve.exports": "^2.0.2",
        "rollup-plugin-dts": "^6.1.0",
        "rollup-plugin-license": "^3.2.0",
        "sirv": "^2.0.3",
        "source-map-support": "^0.5.21",
        "strip-ansi": "^7.1.0",
        "strip-literal": "^1.3.0",
        "tsconfck": "^3.0.0",
        "tslib": "^2.6.2",
        "types": "link:./types",
        "ufo": "^1.3.2",
        "ws": "^8.15.0"
      },
      "engines": {
        "node": "^18.0.0 || >=20.0.0"
      },
      "funding": {
        "url": "https://github.com/vitejs/vite?sponsor=1"
      },
      "optionalDependencies": {
        "fsevents": "~2.3.3"
      },
      "peerDependencies": {
        "@types/node": "^18.0.0 || >=20.0.0",
        "less": "*",
        "lightningcss": "^1.21.0",
        "sass": "*",
        "stylus": "*",
        "sugarss": "*",
        "terser": "^5.4.0"
      },
      "peerDependenciesMeta": {
        "@types/node": {
          "optional": true
        },
        "less": {
          "optional": true
        },
        "lightningcss": {
          "optional": true
        },
        "sass": {
          "optional": true
        },
        "stylus": {
          "optional": true
        },
        "sugarss": {
          "optional": true
        },
        "terser": {
          "optional": true
        }
      }
    },
    "node_modules/glicol": {
      "version": "0.4.0",
      "resolved": "https://registry.npmjs.org/glicol/-/glicol-0.4.0.tgz",
      "integrity": "sha512-1ebgPZa9C/Bu6D16+SI6DDO7xcjULgan21NRRruCQeFjUwIsfY3BlKmiQ3geid9PfTEyWr4hEZabHRSl2YLCGw=="
    },
    "node_modules/nanostores": {
      "resolved": "../../node_modules/.pnpm/nanostores@0.9.5/node_modules/nanostores",
      "link": true
    },
    "node_modules/vite": {
      "resolved": "../../node_modules/.pnpm/vite@5.0.10/node_modules/vite",
      "link": true
    }
  }
}
